
Microsoft Visual Studio Solution File, Format Version 12.00
# Visual Studio Version 17
VisualStudioVersion = 17.8.34330.188
MinimumVisualStudioVersion = 10.0.40219.1
Project("{FAE04EC0-301F-11D3-BF4B-00C04F79EFBC}") = "Task1", "Task1\Task1.csproj", "{5CA4053B-17E4-42A3-9090-53A765FCF404}"
EndProject
Project("{FAE04EC0-301F-11D3-BF4B-00C04F79EFBC}") = "Task2", "Task2\Task2.csproj", "{CBC26C5C-EBB2-4105-A745-4CD27F4EF45D}"
EndProject
Project("{FAE04EC0-301F-11D3-BF4B-00C04F79EFBC}") = "Task3", "Task3\Task3.csproj", "{9BB018AE-7225-4A0A-81E5-E10534861F6C}"
EndProject
Project("{FAE04EC0-301F-11D3-BF4B-00C04F79EFBC}") = "Task4", "Task4\Task4.csproj", "{B9146810-CB28-4C29-91F5-C53E12C86362}"
EndProject
Project("{FAE04EC0-301F-11D3-BF4B-00C04F79EFBC}") = "Task5", "Task5\Task5.csproj", "{A0593160-9EC1-43E6-9C3E-CF58E053EAE0}"
EndProject
Global
	GlobalSection(SolutionConfigurationPlatforms) = preSolution
		Debug|Any CPU = Debug|Any CPU
		Release|Any CPU = Release|Any CPU
	EndGlobalSection
	GlobalSection(ProjectConfigurationPlatforms) = postSolution
		{5CA4053B-17E4-42A3-9090-53A765FCF404}.Debug|Any CPU.ActiveCfg = Debug|Any CPU
		{5CA4053B-17E4-42A3-9090-53A765FCF404}.Debug|Any CPU.Build.0 = Debug|Any CPU
		{5CA4053B-17E4-42A3-9090-53A765FCF404}.Release|Any CPU.ActiveCfg = Release|Any CPU
		{5CA4053B-17E4-42A3-9090-53A765FCF404}.Release|Any CPU.Build.0 = Release|Any CPU
		{CBC26C5C-EBB2-4105-A745-4CD27F4EF45D}.Debug|Any CPU.ActiveCfg = Debug|Any CPU
		{CBC26C5C-EBB2-4105-A745-4CD27F4EF45D}.Debug|Any CPU.Build.0 = Debug|Any CPU
		{CBC26C5C-EBB2-4105-A745-4CD27F4EF45D}.Release|Any CPU.ActiveCfg = Release|Any CPU
		{CBC26C5C-EBB2-4105-A745-4CD27F4EF45D}.Release|Any CPU.Build.0 = Release|Any CPU
		{9BB018AE-7225-4A0A-81E5-E10534861F6C}.Debug|Any CPU.ActiveCfg = Debug|Any CPU
		{9BB018AE-7225-4A0A-81E5-E10534861F6C}.Debug|Any CPU.Build.0 = Debug|Any CPU
		{9BB018AE-7225-4A0A-81E5-E10534861F6C}.Release|Any CPU.ActiveCfg = Release|Any CPU
		{9BB018AE-7225-4A0A-81E5-E10534861F6C}.Release|Any CPU.Build.0 = Release|Any CPU
		{B9146810-CB28-4C29-91F5-C53E12C86362}.Debug|Any CPU.ActiveCfg = Debug|Any CPU
		{B9146810-CB28-4C29-91F5-C53E12C86362}.Debug|Any CPU.Build.0 = Debug|Any CPU
		{B9146810-CB28-4C29-91F5-C53E12C86362}.Release|Any CPU.ActiveCfg = Release|Any CPU
		{B9146810-CB28-4C29-91F5-C53E12C86362}.Release|Any CPU.Build.0 = Release|Any CPU
		{A0593160-9EC1-43E6-9C3E-CF58E053EAE0}.Debug|Any CPU.ActiveCfg = Debug|Any CPU
		{A0593160-9EC1-43E6-9C3E-CF58E053EAE0}.Debug|Any CPU.Build.0 = Debug|Any CPU
		{A0593160-9EC1-43E6-9C3E-CF58E053EAE0}.Release|Any CPU.ActiveCfg = Release|Any CPU
		{A0593160-9EC1-43E6-9C3E-CF58E053EAE0}.Release|Any CPU.Build.0 = Release|Any CPU
	EndGlobalSection
	GlobalSection(SolutionProperties) = preSolution
		HideSolutionNode = FALSE
	EndGlobalSection
	GlobalSection(ExtensibilityGlobals) = postSolution
		SolutionGuid = {65B09D26-C385-4673-9612-080D5BC557D6}
	EndGlobalSection
EndGlobal
