
Microsoft Visual Studio Solution File, Format Version 12.00
# Visual Studio Version 17
VisualStudioVersion = 17.8.34330.188
MinimumVisualStudioVersion = 10.0.40219.1
Project("{FAE04EC0-301F-11D3-BF4B-00C04F79EFBC}") = "Practica2", "Practica2\Practica2.csproj", "{75AFD888-A57D-49D0-9754-8253123ABA01}"
EndProject
Project("{FAE04EC0-301F-11D3-BF4B-00C04F79EFBC}") = "Task2", "Task2\Task2.csproj", "{A679E74F-2C67-4881-8B18-F0F9AE590F50}"
EndProject
Project("{FAE04EC0-301F-11D3-BF4B-00C04F79EFBC}") = "Task3", "Task3\Task3.csproj", "{E79980E6-13A9-493B-8B50-B03D4284565C}"
EndProject
Project("{FAE04EC0-301F-11D3-BF4B-00C04F79EFBC}") = "Task4", "Task4\Task4.csproj", "{2C40DB65-7B61-4003-9F42-1027A0AB4707}"
EndProject
Project("{FAE04EC0-301F-11D3-BF4B-00C04F79EFBC}") = "Task5", "Task5\Task5.csproj", "{B91C1421-4CC4-41CE-A056-955A7C870580}"
EndProject
Project("{FAE04EC0-301F-11D3-BF4B-00C04F79EFBC}") = "Task6", "Task6\Task6.csproj", "{879E4464-6565-4ADD-AC93-F50FBED1878D}"
EndProject
Project("{FAE04EC0-301F-11D3-BF4B-00C04F79EFBC}") = "Task7", "Task7\Task7.csproj", "{4EC0FD19-CDA8-4E00-B096-B2E97430BD53}"
EndProject
Project("{FAE04EC0-301F-11D3-BF4B-00C04F79EFBC}") = "Task8", "Task8\Task8.csproj", "{1410ACA9-BAC8-4675-8830-6134BB603931}"
EndProject
Project("{FAE04EC0-301F-11D3-BF4B-00C04F79EFBC}") = "Task9", "Task9\Task9.csproj", "{A40B9E18-B2CD-4DC6-A934-E1F3D806CF86}"
EndProject
Project("{FAE04EC0-301F-11D3-BF4B-00C04F79EFBC}") = "Task10", "Task10\Task10.csproj", "{9F4C3FC9-F7A8-4A02-8871-051418F9D3E4}"
EndProject
Project("{FAE04EC0-301F-11D3-BF4B-00C04F79EFBC}") = "Task11", "Task11\Task11.csproj", "{658DD03C-CD1C-4D7F-8B87-AEA9302A7C7A}"
EndProject
Project("{FAE04EC0-301F-11D3-BF4B-00C04F79EFBC}") = "Task12", "Task12\Task12.csproj", "{1F3480C1-3AB0-4585-B242-FD3A61CF869D}"
EndProject
Global
	GlobalSection(SolutionConfigurationPlatforms) = preSolution
		Debug|Any CPU = Debug|Any CPU
		Release|Any CPU = Release|Any CPU
	EndGlobalSection
	GlobalSection(ProjectConfigurationPlatforms) = postSolution
		{75AFD888-A57D-49D0-9754-8253123ABA01}.Debug|Any CPU.ActiveCfg = Debug|Any CPU
		{75AFD888-A57D-49D0-9754-8253123ABA01}.Debug|Any CPU.Build.0 = Debug|Any CPU
		{75AFD888-A57D-49D0-9754-8253123ABA01}.Release|Any CPU.ActiveCfg = Release|Any CPU
		{75AFD888-A57D-49D0-9754-8253123ABA01}.Release|Any CPU.Build.0 = Release|Any CPU
		{A679E74F-2C67-4881-8B18-F0F9AE590F50}.Debug|Any CPU.ActiveCfg = Debug|Any CPU
		{A679E74F-2C67-4881-8B18-F0F9AE590F50}.Debug|Any CPU.Build.0 = Debug|Any CPU
		{A679E74F-2C67-4881-8B18-F0F9AE590F50}.Release|Any CPU.ActiveCfg = Release|Any CPU
		{A679E74F-2C67-4881-8B18-F0F9AE590F50}.Release|Any CPU.Build.0 = Release|Any CPU
		{E79980E6-13A9-493B-8B50-B03D4284565C}.Debug|Any CPU.ActiveCfg = Debug|Any CPU
		{E79980E6-13A9-493B-8B50-B03D4284565C}.Debug|Any CPU.Build.0 = Debug|Any CPU
		{E79980E6-13A9-493B-8B50-B03D4284565C}.Release|Any CPU.ActiveCfg = Release|Any CPU
		{E79980E6-13A9-493B-8B50-B03D4284565C}.Release|Any CPU.Build.0 = Release|Any CPU
		{2C40DB65-7B61-4003-9F42-1027A0AB4707}.Debug|Any CPU.ActiveCfg = Debug|Any CPU
		{2C40DB65-7B61-4003-9F42-1027A0AB4707}.Debug|Any CPU.Build.0 = Debug|Any CPU
		{2C40DB65-7B61-4003-9F42-1027A0AB4707}.Release|Any CPU.ActiveCfg = Release|Any CPU
		{2C40DB65-7B61-4003-9F42-1027A0AB4707}.Release|Any CPU.Build.0 = Release|Any CPU
		{B91C1421-4CC4-41CE-A056-955A7C870580}.Debug|Any CPU.ActiveCfg = Debug|Any CPU
		{B91C1421-4CC4-41CE-A056-955A7C870580}.Debug|Any CPU.Build.0 = Debug|Any CPU
		{B91C1421-4CC4-41CE-A056-955A7C870580}.Release|Any CPU.ActiveCfg = Release|Any CPU
		{B91C1421-4CC4-41CE-A056-955A7C870580}.Release|Any CPU.Build.0 = Release|Any CPU
		{879E4464-6565-4ADD-AC93-F50FBED1878D}.Debug|Any CPU.ActiveCfg = Debug|Any CPU
		{879E4464-6565-4ADD-AC93-F50FBED1878D}.Debug|Any CPU.Build.0 = Debug|Any CPU
		{879E4464-6565-4ADD-AC93-F50FBED1878D}.Release|Any CPU.ActiveCfg = Release|Any CPU
		{879E4464-6565-4ADD-AC93-F50FBED1878D}.Release|Any CPU.Build.0 = Release|Any CPU
		{4EC0FD19-CDA8-4E00-B096-B2E97430BD53}.Debug|Any CPU.ActiveCfg = Debug|Any CPU
		{4EC0FD19-CDA8-4E00-B096-B2E97430BD53}.Debug|Any CPU.Build.0 = Debug|Any CPU
		{4EC0FD19-CDA8-4E00-B096-B2E97430BD53}.Release|Any CPU.ActiveCfg = Release|Any CPU
		{4EC0FD19-CDA8-4E00-B096-B2E97430BD53}.Release|Any CPU.Build.0 = Release|Any CPU
		{1410ACA9-BAC8-4675-8830-6134BB603931}.Debug|Any CPU.ActiveCfg = Debug|Any CPU
		{1410ACA9-BAC8-4675-8830-6134BB603931}.Debug|Any CPU.Build.0 = Debug|Any CPU
		{1410ACA9-BAC8-4675-8830-6134BB603931}.Release|Any CPU.ActiveCfg = Release|Any CPU
		{1410ACA9-BAC8-4675-8830-6134BB603931}.Release|Any CPU.Build.0 = Release|Any CPU
		{A40B9E18-B2CD-4DC6-A934-E1F3D806CF86}.Debug|Any CPU.ActiveCfg = Debug|Any CPU
		{A40B9E18-B2CD-4DC6-A934-E1F3D806CF86}.Debug|Any CPU.Build.0 = Debug|Any CPU
		{A40B9E18-B2CD-4DC6-A934-E1F3D806CF86}.Release|Any CPU.ActiveCfg = Release|Any CPU
		{A40B9E18-B2CD-4DC6-A934-E1F3D806CF86}.Release|Any CPU.Build.0 = Release|Any CPU
		{9F4C3FC9-F7A8-4A02-8871-051418F9D3E4}.Debug|Any CPU.ActiveCfg = Debug|Any CPU
		{9F4C3FC9-F7A8-4A02-8871-051418F9D3E4}.Debug|Any CPU.Build.0 = Debug|Any CPU
		{9F4C3FC9-F7A8-4A02-8871-051418F9D3E4}.Release|Any CPU.ActiveCfg = Release|Any CPU
		{9F4C3FC9-F7A8-4A02-8871-051418F9D3E4}.Release|Any CPU.Build.0 = Release|Any CPU
		{658DD03C-CD1C-4D7F-8B87-AEA9302A7C7A}.Debug|Any CPU.ActiveCfg = Debug|Any CPU
		{658DD03C-CD1C-4D7F-8B87-AEA9302A7C7A}.Debug|Any CPU.Build.0 = Debug|Any CPU
		{658DD03C-CD1C-4D7F-8B87-AEA9302A7C7A}.Release|Any CPU.ActiveCfg = Release|Any CPU
		{658DD03C-CD1C-4D7F-8B87-AEA9302A7C7A}.Release|Any CPU.Build.0 = Release|Any CPU
		{1F3480C1-3AB0-4585-B242-FD3A61CF869D}.Debug|Any CPU.ActiveCfg = Debug|Any CPU
		{1F3480C1-3AB0-4585-B242-FD3A61CF869D}.Debug|Any CPU.Build.0 = Debug|Any CPU
		{1F3480C1-3AB0-4585-B242-FD3A61CF869D}.Release|Any CPU.ActiveCfg = Release|Any CPU
		{1F3480C1-3AB0-4585-B242-FD3A61CF869D}.Release|Any CPU.Build.0 = Release|Any CPU
	EndGlobalSection
	GlobalSection(SolutionProperties) = preSolution
		HideSolutionNode = FALSE
	EndGlobalSection
	GlobalSection(ExtensibilityGlobals) = postSolution
		SolutionGuid = {384765F9-F270-4FD0-BF69-8858CA5F63E0}
	EndGlobalSection
EndGlobal
