
Microsoft Visual Studio Solution File, Format Version 12.00
# Visual Studio Version 17
VisualStudioVersion = 17.8.34330.188
MinimumVisualStudioVersion = 10.0.40219.1
Project("{FAE04EC0-301F-11D3-BF4B-00C04F79EFBC}") = "Task1", "Task1\Task1.csproj", "{EEB0FAB3-2AAD-498F-8FEE-F8BAEAA68021}"
EndProject
Project("{FAE04EC0-301F-11D3-BF4B-00C04F79EFBC}") = "Task2", "Task2\Task2.csproj", "{63170137-2D77-4093-B9E6-E0C9E322E258}"
EndProject
Project("{FAE04EC0-301F-11D3-BF4B-00C04F79EFBC}") = "Task3", "Task3\Task3.csproj", "{11BCE34F-1A4C-4EF6-83BE-8502FCB56691}"
EndProject
Project("{FAE04EC0-301F-11D3-BF4B-00C04F79EFBC}") = "Task4", "Task4\Task4.csproj", "{36F999C8-0FB6-4298-A6CF-514349BD98A4}"
EndProject
Project("{FAE04EC0-301F-11D3-BF4B-00C04F79EFBC}") = "Task5", "Task5\Task5.csproj", "{AECAD8F0-03DC-4A3B-A71D-83EEB9EF6A98}"
EndProject
Global
	GlobalSection(SolutionConfigurationPlatforms) = preSolution
		Debug|Any CPU = Debug|Any CPU
		Release|Any CPU = Release|Any CPU
	EndGlobalSection
	GlobalSection(ProjectConfigurationPlatforms) = postSolution
		{EEB0FAB3-2AAD-498F-8FEE-F8BAEAA68021}.Debug|Any CPU.ActiveCfg = Debug|Any CPU
		{EEB0FAB3-2AAD-498F-8FEE-F8BAEAA68021}.Debug|Any CPU.Build.0 = Debug|Any CPU
		{EEB0FAB3-2AAD-498F-8FEE-F8BAEAA68021}.Release|Any CPU.ActiveCfg = Release|Any CPU
		{EEB0FAB3-2AAD-498F-8FEE-F8BAEAA68021}.Release|Any CPU.Build.0 = Release|Any CPU
		{63170137-2D77-4093-B9E6-E0C9E322E258}.Debug|Any CPU.ActiveCfg = Debug|Any CPU
		{63170137-2D77-4093-B9E6-E0C9E322E258}.Debug|Any CPU.Build.0 = Debug|Any CPU
		{63170137-2D77-4093-B9E6-E0C9E322E258}.Release|Any CPU.ActiveCfg = Release|Any CPU
		{63170137-2D77-4093-B9E6-E0C9E322E258}.Release|Any CPU.Build.0 = Release|Any CPU
		{11BCE34F-1A4C-4EF6-83BE-8502FCB56691}.Debug|Any CPU.ActiveCfg = Debug|Any CPU
		{11BCE34F-1A4C-4EF6-83BE-8502FCB56691}.Debug|Any CPU.Build.0 = Debug|Any CPU
		{11BCE34F-1A4C-4EF6-83BE-8502FCB56691}.Release|Any CPU.ActiveCfg = Release|Any CPU
		{11BCE34F-1A4C-4EF6-83BE-8502FCB56691}.Release|Any CPU.Build.0 = Release|Any CPU
		{36F999C8-0FB6-4298-A6CF-514349BD98A4}.Debug|Any CPU.ActiveCfg = Debug|Any CPU
		{36F999C8-0FB6-4298-A6CF-514349BD98A4}.Debug|Any CPU.Build.0 = Debug|Any CPU
		{36F999C8-0FB6-4298-A6CF-514349BD98A4}.Release|Any CPU.ActiveCfg = Release|Any CPU
		{36F999C8-0FB6-4298-A6CF-514349BD98A4}.Release|Any CPU.Build.0 = Release|Any CPU
		{AECAD8F0-03DC-4A3B-A71D-83EEB9EF6A98}.Debug|Any CPU.ActiveCfg = Debug|Any CPU
		{AECAD8F0-03DC-4A3B-A71D-83EEB9EF6A98}.Debug|Any CPU.Build.0 = Debug|Any CPU
		{AECAD8F0-03DC-4A3B-A71D-83EEB9EF6A98}.Release|Any CPU.ActiveCfg = Release|Any CPU
		{AECAD8F0-03DC-4A3B-A71D-83EEB9EF6A98}.Release|Any CPU.Build.0 = Release|Any CPU
	EndGlobalSection
	GlobalSection(SolutionProperties) = preSolution
		HideSolutionNode = FALSE
	EndGlobalSection
	GlobalSection(ExtensibilityGlobals) = postSolution
		SolutionGuid = {375D96B9-3AB7-4DDD-9FD8-6E89D333EA01}
	EndGlobalSection
EndGlobal
