
Microsoft Visual Studio Solution File, Format Version 12.00
# Visual Studio Version 17
VisualStudioVersion = 17.8.34330.188
MinimumVisualStudioVersion = 10.0.40219.1
Project("{9A19103F-16F7-4668-BE54-9A1E7A4F7556}") = "TrainsLibrary", "TrainsLibrary\TrainsLibrary.csproj", "{8BB0CCA8-062B-48E8-8796-0A5F17ABC944}"
EndProject
Project("{9A19103F-16F7-4668-BE54-9A1E7A4F7556}") = "Task2", "Task2\Task2.csproj", "{DB296354-3D13-4F8C-BF11-73A3F601B20D}"
EndProject
Global
	GlobalSection(SolutionConfigurationPlatforms) = preSolution
		Debug|Any CPU = Debug|Any CPU
		Release|Any CPU = Release|Any CPU
	EndGlobalSection
	GlobalSection(ProjectConfigurationPlatforms) = postSolution
		{8BB0CCA8-062B-48E8-8796-0A5F17ABC944}.Debug|Any CPU.ActiveCfg = Debug|Any CPU
		{8BB0CCA8-062B-48E8-8796-0A5F17ABC944}.Debug|Any CPU.Build.0 = Debug|Any CPU
		{8BB0CCA8-062B-48E8-8796-0A5F17ABC944}.Release|Any CPU.ActiveCfg = Release|Any CPU
		{8BB0CCA8-062B-48E8-8796-0A5F17ABC944}.Release|Any CPU.Build.0 = Release|Any CPU
		{DB296354-3D13-4F8C-BF11-73A3F601B20D}.Debug|Any CPU.ActiveCfg = Debug|Any CPU
		{DB296354-3D13-4F8C-BF11-73A3F601B20D}.Debug|Any CPU.Build.0 = Debug|Any CPU
		{DB296354-3D13-4F8C-BF11-73A3F601B20D}.Release|Any CPU.ActiveCfg = Release|Any CPU
		{DB296354-3D13-4F8C-BF11-73A3F601B20D}.Release|Any CPU.Build.0 = Release|Any CPU
	EndGlobalSection
	GlobalSection(SolutionProperties) = preSolution
		HideSolutionNode = FALSE
	EndGlobalSection
	GlobalSection(ExtensibilityGlobals) = postSolution
		SolutionGuid = {319E93BB-C078-4D78-B7BC-CFC8F539ECD4}
	EndGlobalSection
EndGlobal
